<?xml version="1.0" encoding="utf-8"?>
<Project ToolsVersion="4.0" xmlns="http://schemas.microsoft.com/developer/msbuild/2003">
  <ItemGroup>
    <ClCompile Include="..\..\src\main.c" />
    <ClCompile Include="..\..\src\RAM.c" />
    <ClCompile Include="..\..\src\Timer.c" />
    <ClCompile Include="..\..\src\CPU\registers.c">
      <Filter>CPU</Filter>
    </ClCompile>
    <ClCompile Include="..\..\src\CPU\DAA.c">
      <Filter>CPU</Filter>
    </ClCompile>
    <ClCompile Include="..\..\src\Hardware\ports.c">
      <Filter>Hardware</Filter>
    </ClCompile>
    <ClCompile Include="..\..\src\CPU\instr.c">
      <Filter>CPU</Filter>
    </ClCompile>
    <ClCompile Include="..\..\src\CPU\instrDD.c">
      <Filter>CPU</Filter>
    </ClCompile>
    <ClCompile Include="..\..\src\CPU\instrED.c">
      <Filter>CPU</Filter>
    </ClCompile>
    <ClCompile Include="..\..\src\CPU\instrFD.c">
      <Filter>CPU</Filter>
    </ClCompile>
    <ClCompile Include="..\..\src\CPU\instrCB.c">
      <Filter>CPU</Filter>
    </ClCompile>
    <ClCompile Include="..\..\src\defines.c" />
  </ItemGroup>
  <ItemGroup>
    <ClInclude Include="..\..\src\defines.h" />
    <ClInclude Include="..\..\src\RAM.h" />
    <ClInclude Include="..\..\src\Timer.h" />
    <ClInclude Include="..\..\src\CPU\registers.h">
      <Filter>CPU</Filter>
    </ClInclude>
    <ClInclude Include="..\..\src\CPU\DAA.h">
      <Filter>CPU</Filter>
    </ClInclude>
    <ClInclude Include="..\..\src\Hardware\ports.h">
      <Filter>Hardware</Filter>
    </ClInclude>
    <ClInclude Include="..\..\src\CPU\instr.h">
      <Filter>CPU</Filter>
    </ClInclude>
    <ClInclude Include="..\..\src\CPU\instrDD.h">
      <Filter>CPU</Filter>
    </ClInclude>
    <ClInclude Include="..\..\src\CPU\instrFD.h">
      <Filter>CPU</Filter>
    </ClInclude>
    <ClInclude Include="..\..\src\CPU\instrED.h">
      <Filter>CPU</Filter>
    </ClInclude>
    <ClInclude Include="..\..\src\CPU\instrCB.h">
      <Filter>CPU</Filter>
    </ClInclude>
  </ItemGroup>
  <ItemGroup>
    <Filter Include="CPU">
      <UniqueIdentifier>{843161e8-9842-4e95-8178-39848e7e46a3}</UniqueIdentifier>
    </Filter>
    <Filter Include="Hardware">
      <UniqueIdentifier>{061576ba-2a6e-473b-8485-d4a6e07bf0dd}</UniqueIdentifier>
    </Filter>
  </ItemGroup>
</Project>